// !$*UTF8*$!
{
	archiveVersion = 1;
	classes = {
	};
	objectVersion = 51;
	objects = {

/* Begin PBXBuildFile section */
		EEAADD2211B222658AD1A421 /* libPods-GPUImageTest.a in Frameworks */ = {isa = PBXBuildFile; fileRef = A08A45D5C610B09331E3D10A /* libPods-GPUImageTest.a */; };
		FD89C1D2254C178F005B3396 /* AppDelegate.m in Sources */ = {isa = PBXBuildFile; fileRef = FD89C1D1254C178F005B3396 /* AppDelegate.m */; };
		FD89C1D5254C178F005B3396 /* SceneDelegate.m in Sources */ = {isa = PBXBuildFile; fileRef = FD89C1D4254C178F005B3396 /* SceneDelegate.m */; };
		FD89C1D8254C178F005B3396 /* ViewController.m in Sources */ = {isa = PBXBuildFile; fileRef = FD89C1D7254C178F005B3396 /* ViewController.m */; };
		FD89C1DB254C178F005B3396 /* Main.storyboard in Resources */ = {isa = PBXBuildFile; fileRef = FD89C1D9254C178F005B3396 /* Main.storyboard */; };
		FD89C1DD254C1791005B3396 /* Assets.xcassets in Resources */ = {isa = PBXBuildFile; fileRef = FD89C1DC254C1791005B3396 /* Assets.xcassets */; };
		FD89C1E0254C1791005B3396 /* LaunchScreen.storyboard in Resources */ = {isa = PBXBuildFile; fileRef = FD89C1DE254C1791005B3396 /* LaunchScreen.storyboard */; };
		FD89C1E3254C1791005B3396 /* main.m in Sources */ = {isa = PBXBuildFile; fileRef = FD89C1E2254C1791005B3396 /* main.m */; };
		FD89C1EA254C1931005B3396 /* IMG_5465.HEIC in Resources */ = {isa = PBXBuildFile; fileRef = FD89C1E9254C1931005B3396 /* IMG_5465.HEIC */; };
/* End PBXBuildFile section */

/* Begin PBXFileReference section */
		85CD8BE1363C9B0F20796183 /* Pods-GPUImageTest.debug.xcconfig */ = {isa = PBXFileReference; includeInIndex = 1; lastKnownFileType = text.xcconfig; name = "Pods-GPUImageTest.debug.xcconfig"; path = "Target Support Files/Pods-GPUImageTest/Pods-GPUImageTest.debug.xcconfig"; sourceTree = "<group>"; };
		A08A45D5C610B09331E3D10A /* libPods-GPUImageTest.a */ = {isa = PBXFileReference; explicitFileType = archive.ar; includeInIndex = 0; path = "libPods-GPUImageTest.a"; sourceTree = BUILT_PRODUCTS_DIR; };
		AEEF8B97C39F1B784EC07853 /* Pods-GPUImageTest.release.xcconfig */ = {isa = PBXFileReference; includeInIndex = 1; lastKnownFileType = text.xcconfig; name = "Pods-GPUImageTest.release.xcconfig"; path = "Target Support Files/Pods-GPUImageTest/Pods-GPUImageTest.release.xcconfig"; sourceTree = "<group>"; };
		FD89C1CD254C178F005B3396 /* GPUImageTest.app */ = {isa = PBXFileReference; explicitFileType = wrapper.application; includeInIndex = 0; path = GPUImageTest.app; sourceTree = BUILT_PRODUCTS_DIR; };
		FD89C1D0254C178F005B3396 /* AppDelegate.h */ = {isa = PBXFileReference; lastKnownFileType = sourcecode.c.h; path = AppDelegate.h; sourceTree = "<group>"; };
		FD89C1D1254C178F005B3396 /* AppDelegate.m */ = {isa = PBXFileReference; lastKnownFileType = sourcecode.c.objc; path = AppDelegate.m; sourceTree = "<group>"; };
		FD89C1D3254C178F005B3396 /* SceneDelegate.h */ = {isa = PBXFileReference; lastKnownFileType = sourcecode.c.h; path = SceneDelegate.h; sourceTree = "<group>"; };
		FD89C1D4254C178F005B3396 /* SceneDelegate.m */ = {isa = PBXFileReference; lastKnownFileType = sourcecode.c.objc; path = SceneDelegate.m; sourceTree = "<group>"; };
		FD89C1D6254C178F005B3396 /* ViewController.h */ = {isa = PBXFileReference; lastKnownFileType = sourcecode.c.h; path = ViewController.h; sourceTree = "<group>"; };
		FD89C1D7254C178F005B3396 /* ViewController.m */ = {isa = PBXFileReference; lastKnownFileType = sourcecode.c.objc; path = ViewController.m; sourceTree = "<group>"; };
		FD89C1DA254C178F005B3396 /* Base */ = {isa = PBXFileReference; lastKnownFileType = file.storyboard; name = Base; path = Base.lproj/Main.storyboard; sourceTree = "<group>"; };
		FD89C1DC254C1791005B3396 /* Assets.xcassets */ = {isa = PBXFileReference; lastKnownFileType = folder.assetcatalog; path = Assets.xcassets; sourceTree = "<group>"; };
		FD89C1DF254C1791005B3396 /* Base */ = {isa = PBXFileReference; lastKnownFileType = file.storyboard; name = Base; path = Base.lproj/LaunchScreen.storyboard; sourceTree = "<group>"; };
		FD89C1E1254C1791005B3396 /* Info.plist */ = {isa = PBXFileReference; lastKnownFileType = text.plist.xml; path = Info.plist; sourceTree = "<group>"; };
		FD89C1E2254C1791005B3396 /* main.m */ = {isa = PBXFileReference; lastKnownFileType = sourcecode.c.objc; path = main.m; sourceTree = "<group>"; };
		FD89C1E9254C1931005B3396 /* IMG_5465.HEIC */ = {isa = PBXFileReference; lastKnownFileType = file; path = IMG_5465.HEIC; sourceTree = "<group>"; };
/* End PBXFileReference section */

/* Begin PBXFrameworksBuildPhase section */
		FD89C1CA254C178F005B3396 /* Frameworks */ = {
			isa = PBXFrameworksBuildPhase;
			buildActionMask = 2147483647;
			files = (
				EEAADD2211B222658AD1A421 /* libPods-GPUImageTest.a in Frameworks */,
			);
			runOnlyForDeploymentPostprocessing = 0;
		};
/* End PBXFrameworksBuildPhase section */

/* Begin PBXGroup section */
		AA57C734F3120FBA11B2ADCF /* Frameworks */ = {
			isa = PBXGroup;
			children = (
				A08A45D5C610B09331E3D10A /* libPods-GPUImageTest.a */,
			);
			name = Frameworks;
			sourceTree = "<group>";
		};
		D9087CC975C3ED77E1A5A688 /* Pods */ = {
			isa = PBXGroup;
			children = (
				85CD8BE1363C9B0F20796183 /* Pods-GPUImageTest.debug.xcconfig */,
				AEEF8B97C39F1B784EC07853 /* Pods-GPUImageTest.release.xcconfig */,
			);
			path = Pods;
			sourceTree = "<group>";
		};
		FD89C1C4254C178F005B3396 = {
			isa = PBXGroup;
			children = (
				FD89C1CF254C178F005B3396 /* GPUImageTest */,
				FD89C1CE254C178F005B3396 /* Products */,
				D9087CC975C3ED77E1A5A688 /* Pods */,
				AA57C734F3120FBA11B2ADCF /* Frameworks */,
			);
			sourceTree = "<group>";
		};
		FD89C1CE254C178F005B3396 /* Products */ = {
			isa = PBXGroup;
			children = (
				FD89C1CD254C178F005B3396 /* GPUImageTest.app */,
			);
			name = Products;
			sourceTree = "<group>";
		};
		FD89C1CF254C178F005B3396 /* GPUImageTest */ = {
			isa = PBXGroup;
			children = (
				FD89C1E9254C1931005B3396 /* IMG_5465.HEIC */,
				FD89C1D0254C178F005B3396 /* AppDelegate.h */,
				FD89C1D1254C178F005B3396 /* AppDelegate.m */,
				FD89C1D3254C178F005B3396 /* SceneDelegate.h */,
				FD89C1D4254C178F005B3396 /* SceneDelegate.m */,
				FD89C1D6254C178F005B3396 /* ViewController.h */,
				FD89C1D7254C178F005B3396 /* ViewController.m */,
				FD89C1D9254C178F005B3396 /* Main.storyboard */,
				FD89C1DC254C1791005B3396 /* Assets.xcassets */,
				FD89C1DE254C1791005B3396 /* LaunchScreen.storyboard */,
				FD89C1E1254C1791005B3396 /* Info.plist */,
				FD89C1E2254C1791005B3396 /* main.m */,
			);
			path = GPUImageTest;
			sourceTree = "<group>";
		};
/* End PBXGroup section */

/* Begin PBXNativeTarget section */
		FD89C1CC254C178F005B3396 /* GPUImageTest */ = {
			isa = PBXNativeTarget;
			buildConfigurationList = FD89C1E6254C1791005B3396 /* Build configuration list for PBXNativeTarget "GPUImageTest" */;
			buildPhases = (
				5CDF06E50606BAB8127ADB8D /* [CP] Check Pods Manifest.lock */,
				FD89C1C9254C178F005B3396 /* Sources */,
				FD89C1CA254C178F005B3396 /* Frameworks */,
				FD89C1CB254C178F005B3396 /* Resources */,
				530348D9F8E932ABE1A8C407 /* [CP] Copy Pods Resources */,
			);
			buildRules = (
			);
			dependencies = (
			);
			name = GPUImageTest;
			productName = GPUImageTest;
			productReference = FD89C1CD254C178F005B3396 /* GPUImageTest.app */;
			productType = "com.apple.product-type.application";
		};
/* End PBXNativeTarget section */

/* Begin PBXProject section */
		FD89C1C5254C178F005B3396 /* Project object */ = {
			isa = PBXProject;
			attributes = {
				LastUpgradeCheck = 1160;
				ORGANIZATIONNAME = "app-01 org";
				TargetAttributes = {
					FD89C1CC254C178F005B3396 = {
						CreatedOnToolsVersion = 11.6;
					};
				};
			};
			buildConfigurationList = FD89C1C8254C178F005B3396 /* Build configuration list for PBXProject "GPUImageTest" */;
			compatibilityVersion = "Xcode 9.3";
			developmentRegion = en;
			hasScannedForEncodings = 0;
			knownRegions = (
				en,
				Base,
			);
			mainGroup = FD89C1C4254C178F005B3396;
			productRefGroup = FD89C1CE254C178F005B3396 /* Products */;
			projectDirPath = "";
			projectRoot = "";
			targets = (
				FD89C1CC254C178F005B3396 /* GPUImageTest */,
			);
		};
/* End PBXProject section */

/* Begin PBXResourcesBuildPhase section */
		FD89C1CB254C178F005B3396 /* Resources */ = {
			isa = PBXResourcesBuildPhase;
			buildActionMask = 2147483647;
			files = (
				FD89C1EA254C1931005B3396 /* IMG_5465.HEIC in Resources */,
				FD89C1E0254C1791005B3396 /* LaunchScreen.storyboard in Resources */,
				FD89C1DD254C1791005B3396 /* Assets.xcassets in Resources */,
				FD89C1DB254C178F005B3396 /* Main.storyboard in Resources */,
			);
			runOnlyForDeploymentPostprocessing = 0;
		};
/* End PBXResourcesBuildPhase section */

/* Begin PBXShellScriptBuildPhase section */
		530348D9F8E932ABE1A8C407 /* [CP] Copy Pods Resources */ = {
			isa = PBXShellScriptBuildPhase;
			buildActionMask = 2147483647;
			files = (
			);
			inputFileListPaths = (
				"${PODS_ROOT}/Target Support Files/Pods-GPUImageTest/Pods-GPUImageTest-resources-${CONFIGURATION}-input-files.xcfilelist",
			);
			name = "[CP] Copy Pods Resources";
			outputFileListPaths = (
				"${PODS_ROOT}/Target Support Files/Pods-GPUImageTest/Pods-GPUImageTest-resources-${CONFIGURATION}-output-files.xcfilelist",
			);
			runOnlyForDeploymentPostprocessing = 0;
			shellPath = /bin/sh;
			shellScript = "\"${PODS_ROOT}/Target Support Files/Pods-GPUImageTest/Pods-GPUImageTest-resources.sh\"\n";
			showEnvVarsInLog = 0;
		};
		5CDF06E50606BAB8127ADB8D /* [CP] Check Pods Manifest.lock */ = {
			isa = PBXShellScriptBuildPhase;
			buildActionMask = 2147483647;
			files = (
			);
			inputFileListPaths = (
			);
			inputPaths = (
				"${PODS_PODFILE_DIR_PATH}/Podfile.lock",
				"${PODS_ROOT}/Manifest.lock",
			);
			name = "[CP] Check Pods Manifest.lock";
			outputFileListPaths = (
			);
			outputPaths = (
				"$(DERIVED_FILE_DIR)/Pods-GPUImageTest-checkManifestLockResult.txt",
			);
			runOnlyForDeploymentPostprocessing = 0;
			shellPath = /bin/sh;
			shellScript = "diff \"${PODS_PODFILE_DIR_PATH}/Podfile.lock\" \"${PODS_ROOT}/Manifest.lock\" > /dev/null\nif [ $? != 0 ] ; then\n    # print error to STDERR\n    echo \"error: The sandbox is not in sync with the Podfile.lock. Run 'pod install' or update your CocoaPods installation.\" >&2\n    exit 1\nfi\n# This output is used by Xcode 'outputs' to avoid re-running this script phase.\necho \"SUCCESS\" > \"${SCRIPT_OUTPUT_FILE_0}\"\n";
			showEnvVarsInLog = 0;
		};
/* End PBXShellScriptBuildPhase section */

/* Begin PBXSourcesBuildPhase section */
		FD89C1C9254C178F005B3396 /* Sources */ = {
			isa = PBXSourcesBuildPhase;
			buildActionMask = 2147483647;
			files = (
				FD89C1D8254C178F005B3396 /* ViewController.m in Sources */,
				FD89C1D2254C178F005B3396 /* AppDelegate.m in Sources */,
				FD89C1E3254C1791005B3396 /* main.m in Sources */,
				FD89C1D5254C178F005B3396 /* SceneDelegate.m in Sources */,
			);
			runOnlyForDeploymentPostprocessing = 0;
		};
/* End PBXSourcesBuildPhase section */

/* Begin PBXVariantGroup section */
		FD89C1D9254C178F005B3396 /* Main.storyboard */ = {
			isa = PBXVariantGroup;
			children = (
				FD89C1DA254C178F005B3396 /* Base */,
			);
			name = Main.storyboard;
			sourceTree = "<group>";
		};
		FD89C1DE254C1791005B3396 /* LaunchScreen.storyboard */ = {
			isa = PBXVariantGroup;
			children = (
				FD89C1DF254C1791005B3396 /* Base */,
			);
			name = LaunchScreen.storyboard;
			sourceTree = "<group>";
		};
/* End PBXVariantGroup section */

/* Begin XCBuildConfiguration section */
		FD89C1E4254C1791005B3396 /* Debug */ = {
			isa = XCBuildConfiguration;
			buildSettings = {
				ALWAYS_SEARCH_USER_PATHS = NO;
				CLANG_ANALYZER_NONNULL = YES;
				CLANG_ANALYZER_NUMBER_OBJECT_CONVERSION = YES_AGGRESSIVE;
				CLANG_CXX_LANGUAGE_STANDARD = "gnu++14";
				CLANG_CXX_LIBRARY = "libc++";
				CLANG_ENABLE_MODULES = YES;
				CLANG_ENABLE_OBJC_ARC = YES;
				CLANG_ENABLE_OBJC_WEAK = YES;
				CLANG_WARN_BLOCK_CAPTURE_AUTORELEASING = YES;
				CLANG_WARN_BOOL_CONVERSION = YES;
				CLANG_WARN_COMMA = YES;
				CLANG_WARN_CONSTANT_CONVERSION = YES;
				CLANG_WARN_DEPRECATED_OBJC_IMPLEMENTATIONS = YES;
				CLANG_WARN_DIRECT_OBJC_ISA_USAGE = YES_ERROR;
				CLANG_WARN_DOCUMENTATION_COMMENTS = YES;
				CLANG_WARN_EMPTY_BODY = YES;
				CLANG_WARN_ENUM_CONVERSION = YES;
				CLANG_WARN_INFINITE_RECURSION = YES;
				CLANG_WARN_INT_CONVERSION = YES;
				CLANG_WARN_NON_LITERAL_NULL_CONVERSION = YES;
				CLANG_WARN_OBJC_IMPLICIT_RETAIN_SELF = YES;
				CLANG_WARN_OBJC_LITERAL_CONVERSION = YES;
				CLANG_WARN_OBJC_ROOT_CLASS = YES_ERROR;
				CLANG_WARN_RANGE_LOOP_ANALYSIS = YES;
				CLANG_WARN_STRICT_PROTOTYPES = YES;
				CLANG_WARN_SUSPICIOUS_MOVE = YES;
				CLANG_WARN_UNGUARDED_AVAILABILITY = YES_AGGRESSIVE;
				CLANG_WARN_UNREACHABLE_CODE = YES;
				CLANG_WARN__DUPLICATE_METHOD_MATCH = YES;
				COPY_PHASE_STRIP = NO;
				DEBUG_INFORMATION_FORMAT = dwarf;
				ENABLE_STRICT_OBJC_MSGSEND = YES;
				ENABLE_TESTABILITY = YES;
				GCC_C_LANGUAGE_STANDARD = gnu11;
				GCC_DYNAMIC_NO_PIC = NO;
				GCC_NO_COMMON_BLOCKS = YES;
				GCC_OPTIMIZATION_LEVEL = 0;
				GCC_PREPROCESSOR_DEFINITIONS = (
					"DEBUG=1",
					"$(inherited)",
				);
				GCC_WARN_64_TO_32_BIT_CONVERSION = YES;
				GCC_WARN_ABOUT_RETURN_TYPE = YES_ERROR;
				GCC_WARN_UNDECLARED_SELECTOR = YES;
				GCC_WARN_UNINITIALIZED_AUTOS = YES_AGGRESSIVE;
				GCC_WARN_UNUSED_FUNCTION = YES;
				GCC_WARN_UNUSED_VARIABLE = YES;
				IPHONEOS_DEPLOYMENT_TARGET = 13.6;
				MTL_ENABLE_DEBUG_INFO = INCLUDE_SOURCE;
				MTL_FAST_MATH = YES;
				ONLY_ACTIVE_ARCH = YES;
				SDKROOT = iphoneos;
			};
			name = Debug;
		};
		FD89C1E5254C1791005B3396 /* Release */ = {
			isa = XCBuildConfiguration;
			buildSettings = {
				ALWAYS_SEARCH_USER_PATHS = NO;
				CLANG_ANALYZER_NONNULL = YES;
				CLANG_ANALYZER_NUMBER_OBJECT_CONVERSION = YES_AGGRESSIVE;
				CLANG_CXX_LANGUAGE_STANDARD = "gnu++14";
				CLANG_CXX_LIBRARY = "libc++";
				CLANG_ENABLE_MODULES = YES;
				CLANG_ENABLE_OBJC_ARC = YES;
				CLANG_ENABLE_OBJC_WEAK = YES;
				CLANG_WARN_BLOCK_CAPTURE_AUTORELEASING = YES;
				CLANG_WARN_BOOL_CONVERSION = YES;
				CLANG_WARN_COMMA = YES;
				CLANG_WARN_CONSTANT_CONVERSION = YES;
				CLANG_WARN_DEPRECATED_OBJC_IMPLEMENTATIONS = YES;
				CLANG_WARN_DIRECT_OBJC_ISA_USAGE = YES_ERROR;
				CLANG_WARN_DOCUMENTATION_COMMENTS = YES;
				CLANG_WARN_EMPTY_BODY = YES;
				CLANG_WARN_ENUM_CONVERSION = YES;
				CLANG_WARN_INFINITE_RECURSION = YES;
				CLANG_WARN_INT_CONVERSION = YES;
				CLANG_WARN_NON_LITERAL_NULL_CONVERSION = YES;
				CLANG_WARN_OBJC_IMPLICIT_RETAIN_SELF = YES;
				CLANG_WARN_OBJC_LITERAL_CONVERSION = YES;
				CLANG_WARN_OBJC_ROOT_CLASS = YES_ERROR;
				CLANG_WARN_RANGE_LOOP_ANALYSIS = YES;
				CLANG_WARN_STRICT_PROTOTYPES = YES;
				CLANG_WARN_SUSPICIOUS_MOVE = YES;
				CLANG_WARN_UNGUARDED_AVAILABILITY = YES_AGGRESSIVE;
				CLANG_WARN_UNREACHABLE_CODE = YES;
				CLANG_WARN__DUPLICATE_METHOD_MATCH = YES;
				COPY_PHASE_STRIP = NO;
				DEBUG_INFORMATION_FORMAT = "dwarf-with-dsym";
				ENABLE_NS_ASSERTIONS = NO;
				ENABLE_STRICT_OBJC_MSGSEND = YES;
				GCC_C_LANGUAGE_STANDARD = gnu11;
				GCC_NO_COMMON_BLOCKS = YES;
				GCC_WARN_64_TO_32_BIT_CONVERSION = YES;
				GCC_WARN_ABOUT_RETURN_TYPE = YES_ERROR;
				GCC_WARN_UNDECLARED_SELECTOR = YES;
				GCC_WARN_UNINITIALIZED_AUTOS = YES_AGGRESSIVE;
				GCC_WARN_UNUSED_FUNCTION = YES;
				GCC_WARN_UNUSED_VARIABLE = YES;
				IPHONEOS_DEPLOYMENT_TARGET = 13.6;
				MTL_ENABLE_DEBUG_INFO = NO;
				MTL_FAST_MATH = YES;
				SDKROOT = iphoneos;
				VALIDATE_PRODUCT = YES;
			};
			name = Release;
		};
		FD89C1E7254C1791005B3396 /* Debug */ = {
			isa = XCBuildConfiguration;
			baseConfigurationReference = 85CD8BE1363C9B0F20796183 /* Pods-GPUImageTest.debug.xcconfig */;
			buildSettings = {
				ASSETCATALOG_COMPILER_APPICON_NAME = AppIcon;
				CODE_SIGN_STYLE = Automatic;
				DEVELOPMENT_TEAM = G266G4297P;
				INFOPLIST_FILE = GPUImageTest/Info.plist;
				IPHONEOS_DEPLOYMENT_TARGET = 10.0;
				LD_RUNPATH_SEARCH_PATHS = (
					"$(inherited)",
					"@executable_path/Frameworks",
				);
				PRODUCT_BUNDLE_IDENTIFIER = "app-01.GPUImageTest";
				PRODUCT_NAME = "$(TARGET_NAME)";
				TARGETED_DEVICE_FAMILY = "1,2";
			};
			name = Debug;
		};
		FD89C1E8254C1791005B3396 /* Release */ = {
			isa = XCBuildConfiguration;
			baseConfigurationReference = AEEF8B97C39F1B784EC07853 /* Pods-GPUImageTest.release.xcconfig */;
			buildSettings = {
				ASSETCATALOG_COMPILER_APPICON_NAME = AppIcon;
				CODE_SIGN_STYLE = Automatic;
				DEVELOPMENT_TEAM = G266G4297P;
				INFOPLIST_FILE = GPUImageTest/Info.plist;
				IPHONEOS_DEPLOYMENT_TARGET = 10.0;
				LD_RUNPATH_SEARCH_PATHS = (
					"$(inherited)",
					"@executable_path/Frameworks",
				);
				PRODUCT_BUNDLE_IDENTIFIER = "app-01.GPUImageTest";
				PRODUCT_NAME = "$(TARGET_NAME)";
				TARGETED_DEVICE_FAMILY = "1,2";
			};
			name = Release;
		};
/* End XCBuildConfiguration section */

/* Begin XCConfigurationList section */
		FD89C1C8254C178F005B3396 /* Build configuration list for PBXProject "GPUImageTest" */ = {
			isa = XCConfigurationList;
			buildConfigurations = (
				FD89C1E4254C1791005B3396 /* Debug */,
				FD89C1E5254C1791005B3396 /* Release */,
			);
			defaultConfigurationIsVisible = 0;
			defaultConfigurationName = Release;
		};
		FD89C1E6254C1791005B3396 /* Build configuration list for PBXNativeTarget "GPUImageTest" */ = {
			isa = XCConfigurationList;
			buildConfigurations = (
				FD89C1E7254C1791005B3396 /* Debug */,
				FD89C1E8254C1791005B3396 /* Release */,
			);
			defaultConfigurationIsVisible = 0;
			defaultConfigurationName = Release;
		};
/* End XCConfigurationList section */
	};
	rootObject = FD89C1C5254C178F005B3396 /* Project object */;
}
